// !$*UTF8*$!
{
	archiveVersion = 1;
	classes = {
	};
	objectVersion = 56;
	objects = {

/* Begin PBXBuildFile section */
		9A25959C2E85962800D6E8CC /* MyArduino.cpp in Sources */ = {isa = PBXBuildFile; fileRef = 9A25959B2E85962800D6E8CC /* MyArduino.cpp */; };
		9A2595E92E86033500D6E8CC /* EAsyncWebServer.cpp in Sources */ = {isa = PBXBuildFile; fileRef = 9A2595E62E86033500D6E8CC /* EAsyncWebServer.cpp */; };
		9A2595EA2E86033500D6E8CC /* MongooseAsyncWebServer.cpp in Sources */ = {isa = PBXBuildFile; fileRef = 9A2595E82E86033500D6E8CC /* MongooseAsyncWebServer.cpp */; };
		9A2595EE2E861C8F00D6E8CC /* mongoose.c in Sources */ = {isa = PBXBuildFile; fileRef = 9A2595EC2E861C8F00D6E8CC /* mongoose.c */; };
		9A7C455E2E8636D800E95C3E /* AppDelegate.swift in Sources */ = {isa = PBXBuildFile; fileRef = 9A7C455D2E8636D800E95C3E /* AppDelegate.swift */; };
		9A98FB432E84B5AD009FE29E /* BBW_XcodeApp.swift in Sources */ = {isa = PBXBuildFile; fileRef = 9A98FB422E84B5AD009FE29E /* BBW_XcodeApp.swift */; };
		9A98FB452E84B5AD009FE29E /* ContentView.swift in Sources */ = {isa = PBXBuildFile; fileRef = 9A98FB442E84B5AD009FE29E /* ContentView.swift */; };
		9A98FB472E84B5AF009FE29E /* Assets.xcassets in Resources */ = {isa = PBXBuildFile; fileRef = 9A98FB462E84B5AF009FE29E /* Assets.xcassets */; };
		9A98FB4A2E84B5AF009FE29E /* Preview Assets.xcassets in Resources */ = {isa = PBXBuildFile; fileRef = 9A98FB492E84B5AF009FE29E /* Preview Assets.xcassets */; };
		9A98FB592E84B681009FE29E /* main.cpp in Sources */ = {isa = PBXBuildFile; fileRef = 9A98FB582E84B678009FE29E /* main.cpp */; };
/* End PBXBuildFile section */

/* Begin PBXFileReference section */
		9A25959A2E8590F200D6E8CC /* MyArduino.h */ = {isa = PBXFileReference; lastKnownFileType = sourcecode.c.h; path = MyArduino.h; sourceTree = "<group>"; };
		9A25959B2E85962800D6E8CC /* MyArduino.cpp */ = {isa = PBXFileReference; fileEncoding = 4; lastKnownFileType = sourcecode.cpp.cpp; path = MyArduino.cpp; sourceTree = "<group>"; };
		9A2595D82E85B77A00D6E8CC /* module.modulemap */ = {isa = PBXFileReference; lastKnownFileType = "sourcecode.module-map"; path = module.modulemap; sourceTree = "<group>"; };
		9A2595D92E85FA7600D6E8CC /* BBW_Xcode-Bridging-Header.h */ = {isa = PBXFileReference; lastKnownFileType = sourcecode.c.h; path = "BBW_Xcode-Bridging-Header.h"; sourceTree = "<group>"; };
		9A2595E52E86033500D6E8CC /* EAsyncWebServer.h */ = {isa = PBXFileReference; fileEncoding = 4; lastKnownFileType = sourcecode.c.h; path = EAsyncWebServer.h; sourceTree = "<group>"; };
		9A2595E62E86033500D6E8CC /* EAsyncWebServer.cpp */ = {isa = PBXFileReference; fileEncoding = 4; lastKnownFileType = sourcecode.cpp.cpp; path = EAsyncWebServer.cpp; sourceTree = "<group>"; };
		9A2595E72E86033500D6E8CC /* MongooseAsyncWebServer.h */ = {isa = PBXFileReference; fileEncoding = 4; lastKnownFileType = sourcecode.c.h; path = MongooseAsyncWebServer.h; sourceTree = "<group>"; };
		9A2595E82E86033500D6E8CC /* MongooseAsyncWebServer.cpp */ = {isa = PBXFileReference; fileEncoding = 4; lastKnownFileType = sourcecode.cpp.cpp; path = MongooseAsyncWebServer.cpp; sourceTree = "<group>"; };
		9A2595EB2E86044500D6E8CC /* ArduinoMain.h */ = {isa = PBXFileReference; lastKnownFileType = sourcecode.c.h; path = ArduinoMain.h; sourceTree = "<group>"; };
		9A2595EC2E861C8F00D6E8CC /* mongoose.c */ = {isa = PBXFileReference; lastKnownFileType = sourcecode.c.c; path = mongoose.c; sourceTree = "<group>"; };
		9A2595ED2E861C8F00D6E8CC /* mongoose.h */ = {isa = PBXFileReference; lastKnownFileType = sourcecode.c.h; path = mongoose.h; sourceTree = "<group>"; };
		9A7C455D2E8636D800E95C3E /* AppDelegate.swift */ = {isa = PBXFileReference; lastKnownFileType = sourcecode.swift; path = AppDelegate.swift; sourceTree = "<group>"; };
		9A98FB3F2E84B5AD009FE29E /* BBW_Xcode.app */ = {isa = PBXFileReference; explicitFileType = wrapper.application; includeInIndex = 0; path = BBW_Xcode.app; sourceTree = BUILT_PRODUCTS_DIR; };
		9A98FB422E84B5AD009FE29E /* BBW_XcodeApp.swift */ = {isa = PBXFileReference; lastKnownFileType = sourcecode.swift; path = BBW_XcodeApp.swift; sourceTree = "<group>"; };
		9A98FB442E84B5AD009FE29E /* ContentView.swift */ = {isa = PBXFileReference; lastKnownFileType = sourcecode.swift; path = ContentView.swift; sourceTree = "<group>"; };
		9A98FB462E84B5AF009FE29E /* Assets.xcassets */ = {isa = PBXFileReference; lastKnownFileType = folder.assetcatalog; path = Assets.xcassets; sourceTree = "<group>"; };
		9A98FB492E84B5AF009FE29E /* Preview Assets.xcassets */ = {isa = PBXFileReference; lastKnownFileType = folder.assetcatalog; path = "Preview Assets.xcassets"; sourceTree = "<group>"; };
		9A98FB4B2E84B5AF009FE29E /* BBW_Xcode.entitlements */ = {isa = PBXFileReference; lastKnownFileType = text.plist.entitlements; path = BBW_Xcode.entitlements; sourceTree = "<group>"; };
		9A98FB582E84B678009FE29E /* main.cpp */ = {isa = PBXFileReference; lastKnownFileType = sourcecode.cpp.cpp; path = main.cpp; sourceTree = "<group>"; };
/* End PBXFileReference section */

/* Begin PBXFrameworksBuildPhase section */
		9A98FB3C2E84B5AD009FE29E /* Frameworks */ = {
			isa = PBXFrameworksBuildPhase;
			buildActionMask = 2147483647;
			files = (
			);
			runOnlyForDeploymentPostprocessing = 0;
		};
/* End PBXFrameworksBuildPhase section */

/* Begin PBXGroup section */
		9A98FB362E84B5AD009FE29E = {
			isa = PBXGroup;
			children = (
				9A98FB512E84B5F3009FE29E /* BBW_codebase */,
				9A98FB412E84B5AD009FE29E /* BBW_Xcode */,
				9A98FB402E84B5AD009FE29E /* Products */,
			);
			sourceTree = "<group>";
		};
		9A98FB402E84B5AD009FE29E /* Products */ = {
			isa = PBXGroup;
			children = (
				9A98FB3F2E84B5AD009FE29E /* BBW_Xcode.app */,
			);
			name = Products;
			sourceTree = "<group>";
		};
		9A98FB412E84B5AD009FE29E /* BBW_Xcode */ = {
			isa = PBXGroup;
			children = (
				9A2595D82E85B77A00D6E8CC /* module.modulemap */,
				9A7C455D2E8636D800E95C3E /* AppDelegate.swift */,
				9A98FB422E84B5AD009FE29E /* BBW_XcodeApp.swift */,
				9A98FB442E84B5AD009FE29E /* ContentView.swift */,
				9A98FB462E84B5AF009FE29E /* Assets.xcassets */,
				9A98FB4B2E84B5AF009FE29E /* BBW_Xcode.entitlements */,
				9A2595D92E85FA7600D6E8CC /* BBW_Xcode-Bridging-Header.h */,
				9A98FB482E84B5AF009FE29E /* Preview Content */,
			);
			path = BBW_Xcode;
			sourceTree = "<group>";
		};
		9A98FB482E84B5AF009FE29E /* Preview Content */ = {
			isa = PBXGroup;
			children = (
				9A98FB492E84B5AF009FE29E /* Preview Assets.xcassets */,
			);
			path = "Preview Content";
			sourceTree = "<group>";
		};
		9A98FB512E84B5F3009FE29E /* BBW_codebase */ = {
			isa = PBXGroup;
			children = (
				9A98FB572E84B671009FE29E /* src */,
			);
			name = BBW_codebase;
			path = src;
			sourceTree = "<group>";
		};
		9A98FB572E84B671009FE29E /* src */ = {
			isa = PBXGroup;
			children = (
				9A2595EB2E86044500D6E8CC /* ArduinoMain.h */,
				9A2595E62E86033500D6E8CC /* EAsyncWebServer.cpp */,
				9A2595E52E86033500D6E8CC /* EAsyncWebServer.h */,
				9A2595E82E86033500D6E8CC /* MongooseAsyncWebServer.cpp */,
				9A2595E72E86033500D6E8CC /* MongooseAsyncWebServer.h */,
				9A98FB582E84B678009FE29E /* main.cpp */,
				9A25959A2E8590F200D6E8CC /* MyArduino.h */,
				9A25959B2E85962800D6E8CC /* MyArduino.cpp */,
				9A2595EC2E861C8F00D6E8CC /* mongoose.c */,
				9A2595ED2E861C8F00D6E8CC /* mongoose.h */,
			);
			path = src;
			sourceTree = "<group>";
		};
/* End PBXGroup section */

/* Begin PBXNativeTarget section */
		9A98FB3E2E84B5AD009FE29E /* BBW_Xcode */ = {
			isa = PBXNativeTarget;
			buildConfigurationList = 9A98FB4E2E84B5AF009FE29E /* Build configuration list for PBXNativeTarget "BBW_Xcode" */;
			buildPhases = (
				9A98FB3B2E84B5AD009FE29E /* Sources */,
				9A98FB3C2E84B5AD009FE29E /* Frameworks */,
				9A98FB3D2E84B5AD009FE29E /* Resources */,
			);
			buildRules = (
			);
			dependencies = (
			);
			name = BBW_Xcode;
			productName = BBW_Xcode;
			productReference = 9A98FB3F2E84B5AD009FE29E /* BBW_Xcode.app */;
			productType = "com.apple.product-type.application";
		};
/* End PBXNativeTarget section */

/* Begin PBXProject section */
		9A98FB372E84B5AD009FE29E /* Project object */ = {
			isa = PBXProject;
			attributes = {
				BuildIndependentTargetsInParallel = 1;
				LastSwiftUpdateCheck = 1520;
				LastUpgradeCheck = 1520;
				TargetAttributes = {
					9A98FB3E2E84B5AD009FE29E = {
						CreatedOnToolsVersion = 15.2;
						LastSwiftMigration = 1520;
					};
				};
			};
			buildConfigurationList = 9A98FB3A2E84B5AD009FE29E /* Build configuration list for PBXProject "BBW_Xcode" */;
			compatibilityVersion = "Xcode 14.0";
			developmentRegion = en;
			hasScannedForEncodings = 0;
			knownRegions = (
				en,
				Base,
			);
			mainGroup = 9A98FB362E84B5AD009FE29E;
			productRefGroup = 9A98FB402E84B5AD009FE29E /* Products */;
			projectDirPath = "";
			projectRoot = "";
			targets = (
				9A98FB3E2E84B5AD009FE29E /* BBW_Xcode */,
			);
		};
/* End PBXProject section */

/* Begin PBXResourcesBuildPhase section */
		9A98FB3D2E84B5AD009FE29E /* Resources */ = {
			isa = PBXResourcesBuildPhase;
			buildActionMask = 2147483647;
			files = (
				9A98FB4A2E84B5AF009FE29E /* Preview Assets.xcassets in Resources */,
				9A98FB472E84B5AF009FE29E /* Assets.xcassets in Resources */,
			);
			runOnlyForDeploymentPostprocessing = 0;
		};
/* End PBXResourcesBuildPhase section */

/* Begin PBXSourcesBuildPhase section */
		9A98FB3B2E84B5AD009FE29E /* Sources */ = {
			isa = PBXSourcesBuildPhase;
			buildActionMask = 2147483647;
			files = (
				9A98FB452E84B5AD009FE29E /* ContentView.swift in Sources */,
				9A2595EE2E861C8F00D6E8CC /* mongoose.c in Sources */,
				9A98FB432E84B5AD009FE29E /* BBW_XcodeApp.swift in Sources */,
				9A7C455E2E8636D800E95C3E /* AppDelegate.swift in Sources */,
				9A25959C2E85962800D6E8CC /* MyArduino.cpp in Sources */,
				9A2595EA2E86033500D6E8CC /* MongooseAsyncWebServer.cpp in Sources */,
				9A2595E92E86033500D6E8CC /* EAsyncWebServer.cpp in Sources */,
				9A98FB592E84B681009FE29E /* main.cpp in Sources */,
			);
			runOnlyForDeploymentPostprocessing = 0;
		};
/* End PBXSourcesBuildPhase section */

/* Begin XCBuildConfiguration section */
		9A98FB4C2E84B5AF009FE29E /* Debug */ = {
			isa = XCBuildConfiguration;
			buildSettings = {
				ALWAYS_SEARCH_USER_PATHS = NO;
				ASSETCATALOG_COMPILER_GENERATE_SWIFT_ASSET_SYMBOL_EXTENSIONS = YES;
				CLANG_ANALYZER_NONNULL = YES;
				CLANG_ANALYZER_NUMBER_OBJECT_CONVERSION = YES_AGGRESSIVE;
				CLANG_CXX_LANGUAGE_STANDARD = "gnu++20";
				CLANG_ENABLE_MODULES = YES;
				CLANG_ENABLE_OBJC_ARC = YES;
				CLANG_ENABLE_OBJC_WEAK = YES;
				CLANG_WARN_BLOCK_CAPTURE_AUTORELEASING = YES;
				CLANG_WARN_BOOL_CONVERSION = YES;
				CLANG_WARN_COMMA = YES;
				CLANG_WARN_CONSTANT_CONVERSION = YES;
				CLANG_WARN_DEPRECATED_OBJC_IMPLEMENTATIONS = YES;
				CLANG_WARN_DIRECT_OBJC_ISA_USAGE = YES_ERROR;
				CLANG_WARN_DOCUMENTATION_COMMENTS = YES;
				CLANG_WARN_EMPTY_BODY = YES;
				CLANG_WARN_ENUM_CONVERSION = YES;
				CLANG_WARN_INFINITE_RECURSION = YES;
				CLANG_WARN_INT_CONVERSION = YES;
				CLANG_WARN_NON_LITERAL_NULL_CONVERSION = YES;
				CLANG_WARN_OBJC_IMPLICIT_RETAIN_SELF = YES;
				CLANG_WARN_OBJC_LITERAL_CONVERSION = YES;
				CLANG_WARN_OBJC_ROOT_CLASS = YES_ERROR;
				CLANG_WARN_QUOTED_INCLUDE_IN_FRAMEWORK_HEADER = YES;
				CLANG_WARN_RANGE_LOOP_ANALYSIS = YES;
				CLANG_WARN_STRICT_PROTOTYPES = YES;
				CLANG_WARN_SUSPICIOUS_MOVE = YES;
				CLANG_WARN_UNGUARDED_AVAILABILITY = YES_AGGRESSIVE;
				CLANG_WARN_UNREACHABLE_CODE = YES;
				CLANG_WARN__DUPLICATE_METHOD_MATCH = YES;
				COPY_PHASE_STRIP = NO;
				DEBUG_INFORMATION_FORMAT = dwarf;
				ENABLE_STRICT_OBJC_MSGSEND = YES;
				ENABLE_TESTABILITY = YES;
				ENABLE_USER_SCRIPT_SANDBOXING = YES;
				GCC_C_LANGUAGE_STANDARD = gnu17;
				GCC_DYNAMIC_NO_PIC = NO;
				GCC_NO_COMMON_BLOCKS = YES;
				GCC_OPTIMIZATION_LEVEL = 0;
				GCC_PREPROCESSOR_DEFINITIONS = (
					"DEBUG=1",
					"$(inherited)",
				);
				GCC_WARN_64_TO_32_BIT_CONVERSION = YES;
				GCC_WARN_ABOUT_RETURN_TYPE = YES_ERROR;
				GCC_WARN_UNDECLARED_SELECTOR = YES;
				GCC_WARN_UNINITIALIZED_AUTOS = YES_AGGRESSIVE;
				GCC_WARN_UNUSED_FUNCTION = YES;
				GCC_WARN_UNUSED_VARIABLE = NO;
				LOCALIZATION_PREFERS_STRING_CATALOGS = YES;
				MACOSX_DEPLOYMENT_TARGET = 13.7;
				MTL_ENABLE_DEBUG_INFO = INCLUDE_SOURCE;
				MTL_FAST_MATH = YES;
				ONLY_ACTIVE_ARCH = YES;
				SDKROOT = macosx;
				SWIFT_ACTIVE_COMPILATION_CONDITIONS = "DEBUG $(inherited)";
				SWIFT_OBJC_INTEROP_MODE = objcxx;
				SWIFT_OPTIMIZATION_LEVEL = "-Onone";
			};
			name = Debug;
		};
		9A98FB4D2E84B5AF009FE29E /* Release */ = {
			isa = XCBuildConfiguration;
			buildSettings = {
				ALWAYS_SEARCH_USER_PATHS = NO;
				ASSETCATALOG_COMPILER_GENERATE_SWIFT_ASSET_SYMBOL_EXTENSIONS = YES;
				CLANG_ANALYZER_NONNULL = YES;
				CLANG_ANALYZER_NUMBER_OBJECT_CONVERSION = YES_AGGRESSIVE;
				CLANG_CXX_LANGUAGE_STANDARD = "gnu++20";
				CLANG_ENABLE_MODULES = YES;
				CLANG_ENABLE_OBJC_ARC = YES;
				CLANG_ENABLE_OBJC_WEAK = YES;
				CLANG_WARN_BLOCK_CAPTURE_AUTORELEASING = YES;
				CLANG_WARN_BOOL_CONVERSION = YES;
				CLANG_WARN_COMMA = YES;
				CLANG_WARN_CONSTANT_CONVERSION = YES;
				CLANG_WARN_DEPRECATED_OBJC_IMPLEMENTATIONS = YES;
				CLANG_WARN_DIRECT_OBJC_ISA_USAGE = YES_ERROR;
				CLANG_WARN_DOCUMENTATION_COMMENTS = YES;
				CLANG_WARN_EMPTY_BODY = YES;
				CLANG_WARN_ENUM_CONVERSION = YES;
				CLANG_WARN_INFINITE_RECURSION = YES;
				CLANG_WARN_INT_CONVERSION = YES;
				CLANG_WARN_NON_LITERAL_NULL_CONVERSION = YES;
				CLANG_WARN_OBJC_IMPLICIT_RETAIN_SELF = YES;
				CLANG_WARN_OBJC_LITERAL_CONVERSION = YES;
				CLANG_WARN_OBJC_ROOT_CLASS = YES_ERROR;
				CLANG_WARN_QUOTED_INCLUDE_IN_FRAMEWORK_HEADER = YES;
				CLANG_WARN_RANGE_LOOP_ANALYSIS = YES;
				CLANG_WARN_STRICT_PROTOTYPES = YES;
				CLANG_WARN_SUSPICIOUS_MOVE = YES;
				CLANG_WARN_UNGUARDED_AVAILABILITY = YES_AGGRESSIVE;
				CLANG_WARN_UNREACHABLE_CODE = YES;
				CLANG_WARN__DUPLICATE_METHOD_MATCH = YES;
				COPY_PHASE_STRIP = NO;
				DEBUG_INFORMATION_FORMAT = "dwarf-with-dsym";
				ENABLE_NS_ASSERTIONS = NO;
				ENABLE_STRICT_OBJC_MSGSEND = YES;
				ENABLE_USER_SCRIPT_SANDBOXING = YES;
				GCC_C_LANGUAGE_STANDARD = gnu17;
				GCC_NO_COMMON_BLOCKS = YES;
				GCC_WARN_64_TO_32_BIT_CONVERSION = YES;
				GCC_WARN_ABOUT_RETURN_TYPE = YES_ERROR;
				GCC_WARN_UNDECLARED_SELECTOR = YES;
				GCC_WARN_UNINITIALIZED_AUTOS = YES_AGGRESSIVE;
				GCC_WARN_UNUSED_FUNCTION = YES;
				GCC_WARN_UNUSED_VARIABLE = YES;
				LOCALIZATION_PREFERS_STRING_CATALOGS = YES;
				MACOSX_DEPLOYMENT_TARGET = 13.7;
				MTL_ENABLE_DEBUG_INFO = NO;
				MTL_FAST_MATH = YES;
				SDKROOT = macosx;
				SWIFT_COMPILATION_MODE = wholemodule;
				SWIFT_OBJC_INTEROP_MODE = objcxx;
			};
			name = Release;
		};
		9A98FB4F2E84B5AF009FE29E /* Debug */ = {
			isa = XCBuildConfiguration;
			buildSettings = {
				ASSETCATALOG_COMPILER_APPICON_NAME = AppIcon;
				ASSETCATALOG_COMPILER_GLOBAL_ACCENT_COLOR_NAME = AccentColor;
				CLANG_ENABLE_MODULES = YES;
				CODE_SIGN_ENTITLEMENTS = BBW_Xcode/BBW_Xcode.entitlements;
				CODE_SIGN_STYLE = Automatic;
				COMBINE_HIDPI_IMAGES = YES;
				CURRENT_PROJECT_VERSION = 1;
				DEVELOPMENT_ASSET_PATHS = "\"BBW_Xcode/Preview Content\"";
				ENABLE_PREVIEWS = YES;
				GENERATE_INFOPLIST_FILE = YES;
				INFOPLIST_KEY_NSHumanReadableCopyright = "";
				LD_RUNPATH_SEARCH_PATHS = (
					"$(inherited)",
					"@executable_path/../Frameworks",
				);
				MARKETING_VERSION = 1.0;
				PRODUCT_BUNDLE_IDENTIFIER = "bbw.knudsen.ovh.BBW-Xcode";
				PRODUCT_NAME = "$(TARGET_NAME)";
				SWIFT_EMIT_LOC_STRINGS = YES;
				SWIFT_OBJC_BRIDGING_HEADER = "BBW_Xcode/BBW_Xcode-Bridging-Header.h";
				SWIFT_OPTIMIZATION_LEVEL = "-Onone";
				SWIFT_VERSION = 5.0;
			};
			name = Debug;
		};
		9A98FB502E84B5AF009FE29E /* Release */ = {
			isa = XCBuildConfiguration;
			buildSettings = {
				ASSETCATALOG_COMPILER_APPICON_NAME = AppIcon;
				ASSETCATALOG_COMPILER_GLOBAL_ACCENT_COLOR_NAME = AccentColor;
				CLANG_ENABLE_MODULES = YES;
				CODE_SIGN_ENTITLEMENTS = BBW_Xcode/BBW_Xcode.entitlements;
				CODE_SIGN_STYLE = Automatic;
				COMBINE_HIDPI_IMAGES = YES;
				CURRENT_PROJECT_VERSION = 1;
				DEVELOPMENT_ASSET_PATHS = "\"BBW_Xcode/Preview Content\"";
				ENABLE_PREVIEWS = YES;
				GENERATE_INFOPLIST_FILE = YES;
				INFOPLIST_KEY_NSHumanReadableCopyright = "";
				LD_RUNPATH_SEARCH_PATHS = (
					"$(inherited)",
					"@executable_path/../Frameworks",
				);
				MARKETING_VERSION = 1.0;
				PRODUCT_BUNDLE_IDENTIFIER = "bbw.knudsen.ovh.BBW-Xcode";
				PRODUCT_NAME = "$(TARGET_NAME)";
				SWIFT_EMIT_LOC_STRINGS = YES;
				SWIFT_OBJC_BRIDGING_HEADER = "BBW_Xcode/BBW_Xcode-Bridging-Header.h";
				SWIFT_VERSION = 5.0;
			};
			name = Release;
		};
/* End XCBuildConfiguration section */

/* Begin XCConfigurationList section */
		9A98FB3A2E84B5AD009FE29E /* Build configuration list for PBXProject "BBW_Xcode" */ = {
			isa = XCConfigurationList;
			buildConfigurations = (
				9A98FB4C2E84B5AF009FE29E /* Debug */,
				9A98FB4D2E84B5AF009FE29E /* Release */,
			);
			defaultConfigurationIsVisible = 0;
			defaultConfigurationName = Release;
		};
		9A98FB4E2E84B5AF009FE29E /* Build configuration list for PBXNativeTarget "BBW_Xcode" */ = {
			isa = XCConfigurationList;
			buildConfigurations = (
				9A98FB4F2E84B5AF009FE29E /* Debug */,
				9A98FB502E84B5AF009FE29E /* Release */,
			);
			defaultConfigurationIsVisible = 0;
			defaultConfigurationName = Release;
		};
/* End XCConfigurationList section */
	};
	rootObject = 9A98FB372E84B5AD009FE29E /* Project object */;
}
